<?xml version="1.0" encoding="utf-8"?>
<Project ToolsVersion="4.0" xmlns="http://schemas.microsoft.com/developer/msbuild/2003">
  <ItemGroup>
    <Filter Include="Source Files">
      <UniqueIdentifier>{4FC737F1-C7A5-4376-A066-2A32D752A2FF}</UniqueIdentifier>
      <Extensions>cpp;c;cc;cxx;c++;cppm;ixx;def;odl;idl;hpj;bat;asm;asmx</Extensions>
    </Filter>
    <Filter Include="Header Files">
      <UniqueIdentifier>{93995380-89BD-4b04-88EB-625FBE52EBFB}</UniqueIdentifier>
      <Extensions>h;hh;hpp;hxx;h++;hm;inl;inc;ipp;xsd</Extensions>
    </Filter>
    <Filter Include="Resource Files">
      <UniqueIdentifier>{67DA6AB6-F800-4c08-8B7A-83BB121AAD01}</UniqueIdentifier>
      <Extensions>rc;ico;cur;bmp;dlg;rc2;rct;bin;rgs;gif;jpg;jpeg;jpe;resx;tiff;tif;png;wav;mfcribbon-ms</Extensions>
    </Filter>
    <Filter Include="Source Files\DI">
      <UniqueIdentifier>{7bde79b5-cbd2-440f-9319-60334c963052}</UniqueIdentifier>
    </Filter>
    <Filter Include="Source Files\File">
      <UniqueIdentifier>{ec1dc537-e569-4c89-9c45-9de64e9264f0}</UniqueIdentifier>
    </Filter>
    <Filter Include="Source Files\Text">
      <UniqueIdentifier>{379adee0-4552-4b21-837b-8a571656433d}</UniqueIdentifier>
    </Filter>
    <Filter Include="Source Files\FileFormat">
      <UniqueIdentifier>{c57d24fa-243c-4c8e-be85-5da0165fc977}</UniqueIdentifier>
    </Filter>
  </ItemGroup>
  <ItemGroup>
    <ClCompile Include="KMS-A-Test.cpp">
      <Filter>Source Files</Filter>
    </ClCompile>
    <ClCompile Include="Test_TestManager.cpp">
      <Filter>Source Files</Filter>
    </ClCompile>
    <ClCompile Include="Thread_Lock.cpp">
      <Filter>Source Files</Filter>
    </ClCompile>
    <ClCompile Include="Version.cpp">
      <Filter>Source Files</Filter>
    </ClCompile>
    <ClCompile Include="Convert.cpp">
      <Filter>Source Files</Filter>
    </ClCompile>
    <ClCompile Include="Msg_Destination.cpp">
      <Filter>Source Files</Filter>
    </ClCompile>
    <ClCompile Include="Dbg_Log.cpp">
      <Filter>Source Files</Filter>
    </ClCompile>
    <ClCompile Include="JSON.cpp">
      <Filter>Source Files</Filter>
    </ClCompile>
    <ClCompile Include="HTTP.cpp">
      <Filter>Source Files</Filter>
    </ClCompile>
    <ClCompile Include="Cfg_Configurator.cpp">
      <Filter>Source Files</Filter>
    </ClCompile>
    <ClCompile Include="WOP_System.cpp">
      <Filter>Source Files</Filter>
    </ClCompile>
    <ClCompile Include="DI_Array.cpp">
      <Filter>Source Files\DI</Filter>
    </ClCompile>
    <ClCompile Include="DI_Folder.cpp">
      <Filter>Source Files\DI</Filter>
    </ClCompile>
    <ClCompile Include="DI_Functions.cpp">
      <Filter>Source Files\DI</Filter>
    </ClCompile>
    <ClCompile Include="File_Folder.cpp">
      <Filter>Source Files\File</Filter>
    </ClCompile>
    <ClCompile Include="File_Sync.cpp">
      <Filter>Source Files\File</Filter>
    </ClCompile>
    <ClCompile Include="Click_Master.cpp">
      <Filter>Source Files</Filter>
    </ClCompile>
    <ClCompile Include="Text_File_UTF16.cpp">
      <Filter>Source Files\Text</Filter>
    </ClCompile>
    <ClCompile Include="Text_File_ASCII.cpp">
      <Filter>Source Files\Text</Filter>
    </ClCompile>
    <ClCompile Include="File_Binary.cpp">
      <Filter>Source Files\File</Filter>
    </ClCompile>
    <ClCompile Include="CLI_Tool.cpp">
      <Filter>Source Files</Filter>
    </ClCompile>
    <ClCompile Include="DI_Dictionary.cpp">
      <Filter>Source Files\DI</Filter>
    </ClCompile>
    <ClCompile Include="FileFormat_ELF.cpp">
      <Filter>Source Files\FileFormat</Filter>
    </ClCompile>
    <ClCompile Include="FileFormat_BMP.cpp">
      <Filter>Source Files\FileFormat</Filter>
    </ClCompile>
    <ClCompile Include="Graph_Bitmap.cpp">
      <Filter>Source Files</Filter>
    </ClCompile>
    <ClCompile Include="DI_Value.cpp">
      <Filter>Source Files\DI</Filter>
    </ClCompile>
  </ItemGroup>
  <ItemGroup>
    <ClInclude Include="Component.h">
      <Filter>Header Files</Filter>
    </ClInclude>
  </ItemGroup>
  <ItemGroup>
    <ResourceCompile Include="..\Common\Version.rc">
      <Filter>Resource Files</Filter>
    </ResourceCompile>
  </ItemGroup>
</Project>