<?xml version="1.0" encoding="utf-8"?>
<Project ToolsVersion="4.0" xmlns="http://schemas.microsoft.com/developer/msbuild/2003">
  <ItemGroup>
    <Filter Include="Source Files">
      <UniqueIdentifier>{4FC737F1-C7A5-4376-A066-2A32D752A2FF}</UniqueIdentifier>
      <Extensions>cpp;c;cc;cxx;c++;cppm;ixx;def;odl;idl;hpj;bat;asm;asmx</Extensions>
    </Filter>
    <Filter Include="Header Files">
      <UniqueIdentifier>{93995380-89BD-4b04-88EB-625FBE52EBFB}</UniqueIdentifier>
      <Extensions>h;hh;hpp;hxx;h++;hm;inl;inc;ipp;xsd</Extensions>
    </Filter>
    <Filter Include="Resource Files">
      <UniqueIdentifier>{67DA6AB6-F800-4c08-8B7A-83BB121AAD01}</UniqueIdentifier>
      <Extensions>rc;ico;cur;bmp;dlg;rc2;rct;bin;rgs;gif;jpg;jpeg;jpe;resx;tiff;tif;png;wav;mfcribbon-ms</Extensions>
    </Filter>
    <Filter Include="Source Files\Build">
      <UniqueIdentifier>{0d7e5c0c-c52c-45f5-af03-a0f5303e2aec}</UniqueIdentifier>
    </Filter>
    <Filter Include="Source Files\Cfg">
      <UniqueIdentifier>{36855936-48f1-4589-bd9d-bf29692ff128}</UniqueIdentifier>
    </Filter>
    <Filter Include="Source Files\DAQ">
      <UniqueIdentifier>{a5f5aeb9-11a0-4c78-ab9e-2a06f607fc6f}</UniqueIdentifier>
    </Filter>
    <Filter Include="Source Files\Dbg">
      <UniqueIdentifier>{7368db65-784c-4932-8fce-4cb687d95b8b}</UniqueIdentifier>
    </Filter>
    <Filter Include="Source Files\DI">
      <UniqueIdentifier>{73c34153-c9a3-4f79-9892-9102b72c8666}</UniqueIdentifier>
    </Filter>
    <Filter Include="Source Files\File">
      <UniqueIdentifier>{306ae78a-85a6-4a5c-8b4d-35f9f3d96259}</UniqueIdentifier>
    </Filter>
    <Filter Include="Source Files\Msg">
      <UniqueIdentifier>{c638c614-c07b-4620-b946-d7251ab67848}</UniqueIdentifier>
    </Filter>
    <Filter Include="Source Files\Modbus">
      <UniqueIdentifier>{1b1b30f5-817d-41aa-bf47-b472e74b447a}</UniqueIdentifier>
    </Filter>
    <Filter Include="Source Files\Proc">
      <UniqueIdentifier>{5a5ce47f-c139-45ae-87a0-79d06fce8f3c}</UniqueIdentifier>
    </Filter>
    <Filter Include="Source Files\Text">
      <UniqueIdentifier>{d5596f7e-5317-4a1e-ae0c-28f9c5991649}</UniqueIdentifier>
    </Filter>
    <Filter Include="Source Files\WOP">
      <UniqueIdentifier>{e335f672-bb0d-44f0-b6ba-63c4d706f460}</UniqueIdentifier>
    </Filter>
    <Filter Include="Source Files\Thread">
      <UniqueIdentifier>{9b49c6c2-882b-465c-906e-7e7d69eada18}</UniqueIdentifier>
    </Filter>
    <Filter Include="Source Files\Test">
      <UniqueIdentifier>{adb2df9a-d232-47b7-b4f3-d6569c23b06e}</UniqueIdentifier>
    </Filter>
    <Filter Include="Source Files\Console">
      <UniqueIdentifier>{04f81db6-eea3-4a7f-8aee-2375b2fd1c35}</UniqueIdentifier>
    </Filter>
    <Filter Include="Source Files\FileFormat">
      <UniqueIdentifier>{4d74492a-6ffa-4cbd-8a83-e0c1ef4b105e}</UniqueIdentifier>
    </Filter>
    <Filter Include="Source Files\Graph">
      <UniqueIdentifier>{5db27f27-8be2-4800-8e79-c21b9d942424}</UniqueIdentifier>
    </Filter>
    <Filter Include="Source Files\Stats">
      <UniqueIdentifier>{3a84eb32-e08c-4df7-b76e-9859ec3ae4aa}</UniqueIdentifier>
    </Filter>
    <Filter Include="Source Files\WGDI">
      <UniqueIdentifier>{1cda7359-6c74-4c9c-b884-94b16e99a076}</UniqueIdentifier>
    </Filter>
    <Filter Include="Source Files\Scope">
      <UniqueIdentifier>{02a575a6-160b-4a6b-924e-be5b93336304}</UniqueIdentifier>
    </Filter>
    <Filter Include="Source Files\Install">
      <UniqueIdentifier>{1b845fbe-3074-461b-a68f-9f36a1afe549}</UniqueIdentifier>
    </Filter>
    <Filter Include="Source Files\CLI">
      <UniqueIdentifier>{77008561-ad7d-493a-9d58-baa5daa3c829}</UniqueIdentifier>
    </Filter>
    <Filter Include="Source Files\Convert">
      <UniqueIdentifier>{f4f57339-e103-423d-845f-632c514e0b03}</UniqueIdentifier>
    </Filter>
    <Filter Include="Source Files\Embedded">
      <UniqueIdentifier>{d62b5007-388b-4009-8778-c120b5f3419e}</UniqueIdentifier>
    </Filter>
    <Filter Include="Source Files\DI2">
      <UniqueIdentifier>{6276e902-041f-4574-867c-b4548d2ed5a0}</UniqueIdentifier>
    </Filter>
  </ItemGroup>
  <ItemGroup>
    <ClCompile Include="Exception.cpp">
      <Filter>Source Files</Filter>
    </ClCompile>
    <ClCompile Include="Version.cpp">
      <Filter>Source Files</Filter>
    </ClCompile>
    <ClCompile Include="Environment_W.cpp">
      <Filter>Source Files</Filter>
    </ClCompile>
    <ClCompile Include="Environment.cpp">
      <Filter>Source Files</Filter>
    </ClCompile>
    <ClCompile Include="OS_W.cpp">
      <Filter>Source Files</Filter>
    </ClCompile>
    <ClCompile Include="JSON.cpp">
      <Filter>Source Files</Filter>
    </ClCompile>
    <ClCompile Include="RefCount.cpp">
      <Filter>Source Files</Filter>
    </ClCompile>
    <ClCompile Include="HTTP.cpp">
      <Filter>Source Files</Filter>
    </ClCompile>
    <ClCompile Include="Build_Depend.cpp">
      <Filter>Source Files\Build</Filter>
    </ClCompile>
    <ClCompile Include="Build_Make.cpp">
      <Filter>Source Files\Build</Filter>
    </ClCompile>
    <ClCompile Include="Cfg_Configurator.cpp">
      <Filter>Source Files\Cfg</Filter>
    </ClCompile>
    <ClCompile Include="Cfg_MetaData.cpp">
      <Filter>Source Files\Cfg</Filter>
    </ClCompile>
    <ClCompile Include="DAQ_AnalogConverter.cpp">
      <Filter>Source Files\DAQ</Filter>
    </ClCompile>
    <ClCompile Include="DAQ_AnalogInput.cpp">
      <Filter>Source Files\DAQ</Filter>
    </ClCompile>
    <ClCompile Include="DAQ_AnalogInputConverter.cpp">
      <Filter>Source Files\DAQ</Filter>
    </ClCompile>
    <ClCompile Include="DAQ_AnalogOutput.cpp">
      <Filter>Source Files\DAQ</Filter>
    </ClCompile>
    <ClCompile Include="DAQ_AnalogOutputConverter.cpp">
      <Filter>Source Files\DAQ</Filter>
    </ClCompile>
    <ClCompile Include="DAQ_DigitalInput.cpp">
      <Filter>Source Files\DAQ</Filter>
    </ClCompile>
    <ClCompile Include="DAQ_DigitalOutput.cpp">
      <Filter>Source Files\DAQ</Filter>
    </ClCompile>
    <ClCompile Include="DAQ_Dummy.cpp">
      <Filter>Source Files\DAQ</Filter>
    </ClCompile>
    <ClCompile Include="Dbg_Log.cpp">
      <Filter>Source Files\Dbg</Filter>
    </ClCompile>
    <ClCompile Include="Dbg_LogFile.cpp">
      <Filter>Source Files\Dbg</Filter>
    </ClCompile>
    <ClCompile Include="DI_Array.cpp">
      <Filter>Source Files\DI</Filter>
    </ClCompile>
    <ClCompile Include="DI_Array_Sparse.cpp">
      <Filter>Source Files\DI</Filter>
    </ClCompile>
    <ClCompile Include="DI_Boolean.cpp">
      <Filter>Source Files\DI</Filter>
    </ClCompile>
    <ClCompile Include="DI_Container.cpp">
      <Filter>Source Files\DI</Filter>
    </ClCompile>
    <ClCompile Include="DI_Dictionary.cpp">
      <Filter>Source Files\DI</Filter>
    </ClCompile>
    <ClCompile Include="DI_File.cpp">
      <Filter>Source Files\DI</Filter>
    </ClCompile>
    <ClCompile Include="DI_Folder.cpp">
      <Filter>Source Files\DI</Filter>
    </ClCompile>
    <ClCompile Include="DI_Functions.cpp">
      <Filter>Source Files\DI</Filter>
    </ClCompile>
    <ClCompile Include="DI_GUID.cpp">
      <Filter>Source Files\DI</Filter>
    </ClCompile>
    <ClCompile Include="DI_MetaData.cpp">
      <Filter>Source Files\DI</Filter>
    </ClCompile>
    <ClCompile Include="DI_Object.cpp">
      <Filter>Source Files\DI</Filter>
    </ClCompile>
    <ClCompile Include="DI_String.cpp">
      <Filter>Source Files\DI</Filter>
    </ClCompile>
    <ClCompile Include="DI_String_Expand.cpp">
      <Filter>Source Files\DI</Filter>
    </ClCompile>
    <ClCompile Include="File_Binary.cpp">
      <Filter>Source Files\File</Filter>
    </ClCompile>
    <ClCompile Include="File_FileInfo.cpp">
      <Filter>Source Files\File</Filter>
    </ClCompile>
    <ClCompile Include="File_FileInfoList.cpp">
      <Filter>Source Files\File</Filter>
    </ClCompile>
    <ClCompile Include="File_Folder.cpp">
      <Filter>Source Files\File</Filter>
    </ClCompile>
    <ClCompile Include="File_Folder_W.cpp">
      <Filter>Source Files\File</Filter>
    </ClCompile>
    <ClCompile Include="File_Sync.cpp">
      <Filter>Source Files\File</Filter>
    </ClCompile>
    <ClCompile Include="Msg_Destination.cpp">
      <Filter>Source Files\Msg</Filter>
    </ClCompile>
    <ClCompile Include="Msg_IReceiver.cpp">
      <Filter>Source Files\Msg</Filter>
    </ClCompile>
    <ClCompile Include="Modbus.cpp">
      <Filter>Source Files\Modbus</Filter>
    </ClCompile>
    <ClCompile Include="Modbus_CRC.cpp">
      <Filter>Source Files\Modbus</Filter>
    </ClCompile>
    <ClCompile Include="Modbus_Master.cpp">
      <Filter>Source Files\Modbus</Filter>
    </ClCompile>
    <ClCompile Include="Modbus_Slave.cpp">
      <Filter>Source Files\Modbus</Filter>
    </ClCompile>
    <ClCompile Include="Proc_Process.cpp">
      <Filter>Source Files\Proc</Filter>
    </ClCompile>
    <ClCompile Include="Proc_Process_W.cpp">
      <Filter>Source Files\Proc</Filter>
    </ClCompile>
    <ClCompile Include="Text_File_ASCII.cpp">
      <Filter>Source Files\Text</Filter>
    </ClCompile>
    <ClCompile Include="Text_File_UTF16.cpp">
      <Filter>Source Files\Text</Filter>
    </ClCompile>
    <ClCompile Include="Text_ReadPtr.cpp">
      <Filter>Source Files\Text</Filter>
    </ClCompile>
    <ClCompile Include="Text_WritePtr.cpp">
      <Filter>Source Files\Text</Filter>
    </ClCompile>
    <ClCompile Include="WOP_FrameBuffer.cpp">
      <Filter>Source Files\WOP</Filter>
    </ClCompile>
    <ClCompile Include="WOP_Object.cpp">
      <Filter>Source Files\WOP</Filter>
    </ClCompile>
    <ClCompile Include="WOP_System.cpp">
      <Filter>Source Files\WOP</Filter>
    </ClCompile>
    <ClCompile Include="Thread_Lock.cpp">
      <Filter>Source Files\Thread</Filter>
    </ClCompile>
    <ClCompile Include="Thread_Thread.cpp">
      <Filter>Source Files\Thread</Filter>
    </ClCompile>
    <ClCompile Include="Test_Test.cpp">
      <Filter>Source Files\Test</Filter>
    </ClCompile>
    <ClCompile Include="Test_TestManager.cpp">
      <Filter>Source Files\Test</Filter>
    </ClCompile>
    <ClCompile Include="WOP_Object_Dynamic.cpp">
      <Filter>Source Files\WOP</Filter>
    </ClCompile>
    <ClCompile Include="ScaleAndOffset.cpp">
      <Filter>Source Files</Filter>
    </ClCompile>
    <ClCompile Include="Dbg_Stats.cpp">
      <Filter>Source Files\Dbg</Filter>
    </ClCompile>
    <ClCompile Include="Dbg_Stats_Entry.cpp">
      <Filter>Source Files\Dbg</Filter>
    </ClCompile>
    <ClCompile Include="Dbg_Stats_Timer.cpp">
      <Filter>Source Files\Dbg</Filter>
    </ClCompile>
    <ClCompile Include="Click_Master.cpp">
      <Filter>Source Files</Filter>
    </ClCompile>
    <ClCompile Include="Modbus_Master_Cfg.cpp">
      <Filter>Source Files\Modbus</Filter>
    </ClCompile>
    <ClCompile Include="Modbus_Slave_Serial.cpp">
      <Filter>Source Files\Modbus</Filter>
    </ClCompile>
    <ClCompile Include="Modbus_Slave_USART.cpp">
      <Filter>Source Files\Modbus</Filter>
    </ClCompile>
    <ClCompile Include="Modbus_Master_IDevice.cpp">
      <Filter>Source Files\Modbus</Filter>
    </ClCompile>
    <ClCompile Include="Modbus_Slave_Cfg.cpp">
      <Filter>Source Files\Modbus</Filter>
    </ClCompile>
    <ClCompile Include="Dbg_Log_Cfg.cpp">
      <Filter>Source Files\Dbg</Filter>
    </ClCompile>
    <ClCompile Include="Modbus_Monitor.cpp">
      <Filter>Source Files\Modbus</Filter>
    </ClCompile>
    <ClCompile Include="Console_Color_W.cpp">
      <Filter>Source Files\Console</Filter>
    </ClCompile>
    <ClCompile Include="Callback.cpp">
      <Filter>Source Files</Filter>
    </ClCompile>
    <ClCompile Include="FileFormat_ELF.cpp">
      <Filter>Source Files\FileFormat</Filter>
    </ClCompile>
    <ClCompile Include="FileFormat_BMP.cpp">
      <Filter>Source Files\FileFormat</Filter>
    </ClCompile>
    <ClCompile Include="Graph_Bitmap.cpp">
      <Filter>Source Files\Graph</Filter>
    </ClCompile>
    <ClCompile Include="Graph_Color.cpp">
      <Filter>Source Files\Graph</Filter>
    </ClCompile>
    <ClCompile Include="Graph_Point.cpp">
      <Filter>Source Files\Graph</Filter>
    </ClCompile>
    <ClCompile Include="Stats_Stats.cpp">
      <Filter>Source Files\Stats</Filter>
    </ClCompile>
    <ClCompile Include="Stats_Histogram.cpp">
      <Filter>Source Files\Stats</Filter>
    </ClCompile>
    <ClCompile Include="WGDI_Window.cpp">
      <Filter>Source Files\WGDI</Filter>
    </ClCompile>
    <ClCompile Include="WGDI_Window_Bitmap.cpp">
      <Filter>Source Files\WGDI</Filter>
    </ClCompile>
    <ClCompile Include="WGDI_Viewer_Bitmap.cpp">
      <Filter>Source Files\WGDI</Filter>
    </ClCompile>
    <ClCompile Include="Result.cpp">
      <Filter>Source Files</Filter>
    </ClCompile>
    <ClCompile Include="Graph_Histogram.cpp">
      <Filter>Source Files\Graph</Filter>
    </ClCompile>
    <ClCompile Include="Saturated.cpp">
      <Filter>Source Files</Filter>
    </ClCompile>
    <ClCompile Include="Scope_Scope.cpp">
      <Filter>Source Files\Scope</Filter>
    </ClCompile>
    <ClCompile Include="Scope_Channel_Random.cpp">
      <Filter>Source Files\Scope</Filter>
    </ClCompile>
    <ClCompile Include="Scope_Channel.cpp">
      <Filter>Source Files\Scope</Filter>
    </ClCompile>
    <ClCompile Include="Scope_Channel_DAQ.cpp">
      <Filter>Source Files\Scope</Filter>
    </ClCompile>
    <ClCompile Include="Exception_W.cpp">
      <Filter>Source Files</Filter>
    </ClCompile>
    <ClCompile Include="Build_Package.cpp">
      <Filter>Source Files\Build</Filter>
    </ClCompile>
    <ClCompile Include="Install_Installer.cpp">
      <Filter>Source Files\Install</Filter>
    </ClCompile>
    <ClCompile Include="Install_Installer_W.cpp">
      <Filter>Source Files\Install</Filter>
    </ClCompile>
    <ClCompile Include="Dbg_Stats_W.cpp">
      <Filter>Source Files\Dbg</Filter>
    </ClCompile>
    <ClCompile Include="Dbg_Log_W.cpp">
      <Filter>Source Files\Dbg</Filter>
    </ClCompile>
    <ClCompile Include="CLI_Tool.cpp">
      <Filter>Source Files\CLI</Filter>
    </ClCompile>
    <ClCompile Include="File_Binary_W.cpp">
      <Filter>Source Files\File</Filter>
    </ClCompile>
    <ClCompile Include="Thread_Gate_W.cpp">
      <Filter>Source Files\Thread</Filter>
    </ClCompile>
    <ClCompile Include="Thread_Thread_W.cpp">
      <Filter>Source Files\Thread</Filter>
    </ClCompile>
    <ClCompile Include="Convert.cpp">
      <Filter>Source Files\Convert</Filter>
    </ClCompile>
    <ClCompile Include="Convert_W.cpp">
      <Filter>Source Files\Convert</Filter>
    </ClCompile>
    <ClCompile Include="Scope_Channel_Modbus.cpp">
      <Filter>Source Files\Scope</Filter>
    </ClCompile>
    <ClCompile Include="CLI_Module.cpp">
      <Filter>Source Files\CLI</Filter>
    </ClCompile>
    <ClCompile Include="WGDI_Scope_Module.cpp">
      <Filter>Source Files\WGDI</Filter>
    </ClCompile>
    <ClCompile Include="WGDI_Scope.cpp">
      <Filter>Source Files\WGDI</Filter>
    </ClCompile>
    <ClCompile Include="Console_Redirection.cpp">
      <Filter>Source Files\Console</Filter>
    </ClCompile>
    <ClCompile Include="Console_Redirection_W.cpp">
      <Filter>Source Files\Console</Filter>
    </ClCompile>
    <ClCompile Include="Console_HumanScript.cpp">
      <Filter>Source Files\Console</Filter>
    </ClCompile>
    <ClCompile Include="CLI_Macros.cpp">
      <Filter>Source Files\CLI</Filter>
    </ClCompile>
    <ClCompile Include="CLI_Macro.cpp">
      <Filter>Source Files\CLI</Filter>
    </ClCompile>
    <ClCompile Include="DAQ_AnalogInputModule.cpp">
      <Filter>Source Files\DAQ</Filter>
    </ClCompile>
    <ClCompile Include="CLI_InstanceList_Base.cpp">
      <Filter>Source Files\CLI</Filter>
    </ClCompile>
    <ClCompile Include="DAQ_AnalogOutputModule.cpp">
      <Filter>Source Files\DAQ</Filter>
    </ClCompile>
    <ClCompile Include="DAQ_DigitalInputModule.cpp">
      <Filter>Source Files\DAQ</Filter>
    </ClCompile>
    <ClCompile Include="DAQ_DigitalOutputModule.cpp">
      <Filter>Source Files\DAQ</Filter>
    </ClCompile>
    <ClCompile Include="CLI_CommandLine.cpp">
      <Filter>Source Files\CLI</Filter>
    </ClCompile>
    <ClCompile Include="Embedded_User.cpp">
      <Filter>Source Files\Embedded</Filter>
    </ClCompile>
    <ClCompile Include="Embedded_UserList.cpp">
      <Filter>Source Files\Embedded</Filter>
    </ClCompile>
    <ClCompile Include="Embedded_Log.cpp">
      <Filter>Source Files\Embedded</Filter>
    </ClCompile>
    <ClCompile Include="DI_ValueModule.cpp">
      <Filter>Source Files\DI</Filter>
    </ClCompile>
    <ClCompile Include="DI2_Float.cpp">
      <Filter>Source Files\DI2</Filter>
    </ClCompile>
    <ClCompile Include="DI2_Int.cpp">
      <Filter>Source Files\DI2</Filter>
    </ClCompile>
    <ClCompile Include="DI2_UInt.cpp">
      <Filter>Source Files\DI2</Filter>
    </ClCompile>
    <ClCompile Include="DI2_Output.cpp">
      <Filter>Source Files\DI2</Filter>
    </ClCompile>
    <ClCompile Include="DI2_Input.cpp">
      <Filter>Source Files\DI2</Filter>
    </ClCompile>
    <ClCompile Include="DI2_Container.cpp">
      <Filter>Source Files\DI2</Filter>
    </ClCompile>
  </ItemGroup>
  <ItemGroup>
    <ClInclude Include="Component.h">
      <Filter>Header Files</Filter>
    </ClInclude>
  </ItemGroup>
</Project>